
Microsoft Visual Studio Solution File, Format Version 12.00
# Visual Studio Version 17
VisualStudioVersion = 17.0.31903.59
MinimumVisualStudioVersion = 10.0.40219.1
Project("{2150E333-8FDC-42A3-9474-1A3956D46DE8}") = "kaynak", "kaynak", "{7CB52C33-0019-4D8C-8343-41C3BFF535C3}"
EndProject
Project("{FAE04EC0-301F-11D3-BF4B-00C04F79EFBC}") = "Tuna.Alan", "kaynak\Tuna.Alan\Tuna.Alan.csproj", "{C704C01E-50F8-4D7C-BB9E-32A5A7EBD660}"
EndProject
Project("{FAE04EC0-301F-11D3-BF4B-00C04F79EFBC}") = "Tuna.Uygulama", "kaynak\Tuna.Uygulama\Tuna.Uygulama.csproj", "{56B2F8CB-E109-4976-AD54-CB1D142FE224}"
EndProject
Project("{FAE04EC0-301F-11D3-BF4B-00C04F79EFBC}") = "Tuna.Altyapi", "kaynak\Tuna.Altyapi\Tuna.Altyapi.csproj", "{EFA9BEC6-2F71-43B7-99C7-8507F5DF44BE}"
EndProject
Project("{FAE04EC0-301F-11D3-BF4B-00C04F79EFBC}") = "Tuna.Servis", "kaynak\Tuna.Servis\Tuna.Servis.csproj", "{086211C6-5D6B-4896-B2AB-50969BA2FE70}"
EndProject
Project("{FAE04EC0-301F-11D3-BF4B-00C04F79EFBC}") = "Tuna.Isci", "kaynak\Tuna.Isci\Tuna.Isci.csproj", "{F82EB30D-C369-42E0-9AE1-0D3AA40DB733}"
EndProject
Project("{FAE04EC0-301F-11D3-BF4B-00C04F79EFBC}") = "Tuna.Raporlama", "kaynak\Tuna.Raporlama\Tuna.Raporlama.csproj", "{A10C5A85-2963-4E50-AE71-3225E839F373}"
EndProject
Project("{FAE04EC0-301F-11D3-BF4B-00C04F79EFBC}") = "Tuna.Aktarim", "kaynak\Tuna.Aktarim\Tuna.Aktarim.csproj", "{CC98D5A2-E4BD-479A-94FD-CA97D75F758F}"
EndProject
Project("{2150E333-8FDC-42A3-9474-1A3956D46DE8}") = "testler", "testler", "{D64FADD3-91E7-4B5B-A92F-CB44D865D02A}"
EndProject
Project("{FAE04EC0-301F-11D3-BF4B-00C04F79EFBC}") = "Tuna.Testler", "testler\Tuna.Testler\Tuna.Testler.csproj", "{AE5AF7BC-287F-4E03-BD9F-A0C1468F81D0}"
EndProject
Global
	GlobalSection(SolutionConfigurationPlatforms) = preSolution
		Debug|Any CPU = Debug|Any CPU
		Release|Any CPU = Release|Any CPU
	EndGlobalSection
	GlobalSection(SolutionProperties) = preSolution
		HideSolutionNode = FALSE
	EndGlobalSection
	GlobalSection(ProjectConfigurationPlatforms) = postSolution
		{C704C01E-50F8-4D7C-BB9E-32A5A7EBD660}.Debug|Any CPU.ActiveCfg = Debug|Any CPU
		{C704C01E-50F8-4D7C-BB9E-32A5A7EBD660}.Debug|Any CPU.Build.0 = Debug|Any CPU
		{C704C01E-50F8-4D7C-BB9E-32A5A7EBD660}.Release|Any CPU.ActiveCfg = Release|Any CPU
		{C704C01E-50F8-4D7C-BB9E-32A5A7EBD660}.Release|Any CPU.Build.0 = Release|Any CPU
		{56B2F8CB-E109-4976-AD54-CB1D142FE224}.Debug|Any CPU.ActiveCfg = Debug|Any CPU
		{56B2F8CB-E109-4976-AD54-CB1D142FE224}.Debug|Any CPU.Build.0 = Debug|Any CPU
		{56B2F8CB-E109-4976-AD54-CB1D142FE224}.Release|Any CPU.ActiveCfg = Release|Any CPU
		{56B2F8CB-E109-4976-AD54-CB1D142FE224}.Release|Any CPU.Build.0 = Release|Any CPU
		{EFA9BEC6-2F71-43B7-99C7-8507F5DF44BE}.Debug|Any CPU.ActiveCfg = Debug|Any CPU
		{EFA9BEC6-2F71-43B7-99C7-8507F5DF44BE}.Debug|Any CPU.Build.0 = Debug|Any CPU
		{EFA9BEC6-2F71-43B7-99C7-8507F5DF44BE}.Release|Any CPU.ActiveCfg = Release|Any CPU
		{EFA9BEC6-2F71-43B7-99C7-8507F5DF44BE}.Release|Any CPU.Build.0 = Release|Any CPU
		{086211C6-5D6B-4896-B2AB-50969BA2FE70}.Debug|Any CPU.ActiveCfg = Debug|Any CPU
		{086211C6-5D6B-4896-B2AB-50969BA2FE70}.Debug|Any CPU.Build.0 = Debug|Any CPU
		{086211C6-5D6B-4896-B2AB-50969BA2FE70}.Release|Any CPU.ActiveCfg = Release|Any CPU
		{086211C6-5D6B-4896-B2AB-50969BA2FE70}.Release|Any CPU.Build.0 = Release|Any CPU
		{F82EB30D-C369-42E0-9AE1-0D3AA40DB733}.Debug|Any CPU.ActiveCfg = Debug|Any CPU
		{F82EB30D-C369-42E0-9AE1-0D3AA40DB733}.Debug|Any CPU.Build.0 = Debug|Any CPU
		{F82EB30D-C369-42E0-9AE1-0D3AA40DB733}.Release|Any CPU.ActiveCfg = Release|Any CPU
		{F82EB30D-C369-42E0-9AE1-0D3AA40DB733}.Release|Any CPU.Build.0 = Release|Any CPU
		{A10C5A85-2963-4E50-AE71-3225E839F373}.Debug|Any CPU.ActiveCfg = Debug|Any CPU
		{A10C5A85-2963-4E50-AE71-3225E839F373}.Debug|Any CPU.Build.0 = Debug|Any CPU
		{A10C5A85-2963-4E50-AE71-3225E839F373}.Release|Any CPU.ActiveCfg = Release|Any CPU
		{A10C5A85-2963-4E50-AE71-3225E839F373}.Release|Any CPU.Build.0 = Release|Any CPU
		{CC98D5A2-E4BD-479A-94FD-CA97D75F758F}.Debug|Any CPU.ActiveCfg = Debug|Any CPU
		{CC98D5A2-E4BD-479A-94FD-CA97D75F758F}.Debug|Any CPU.Build.0 = Debug|Any CPU
		{CC98D5A2-E4BD-479A-94FD-CA97D75F758F}.Release|Any CPU.ActiveCfg = Release|Any CPU
		{CC98D5A2-E4BD-479A-94FD-CA97D75F758F}.Release|Any CPU.Build.0 = Release|Any CPU
		{AE5AF7BC-287F-4E03-BD9F-A0C1468F81D0}.Debug|Any CPU.ActiveCfg = Debug|Any CPU
		{AE5AF7BC-287F-4E03-BD9F-A0C1468F81D0}.Debug|Any CPU.Build.0 = Debug|Any CPU
		{AE5AF7BC-287F-4E03-BD9F-A0C1468F81D0}.Release|Any CPU.ActiveCfg = Release|Any CPU
		{AE5AF7BC-287F-4E03-BD9F-A0C1468F81D0}.Release|Any CPU.Build.0 = Release|Any CPU
	EndGlobalSection
	GlobalSection(NestedProjects) = preSolution
		{C704C01E-50F8-4D7C-BB9E-32A5A7EBD660} = {7CB52C33-0019-4D8C-8343-41C3BFF535C3}
		{56B2F8CB-E109-4976-AD54-CB1D142FE224} = {7CB52C33-0019-4D8C-8343-41C3BFF535C3}
		{EFA9BEC6-2F71-43B7-99C7-8507F5DF44BE} = {7CB52C33-0019-4D8C-8343-41C3BFF535C3}
		{086211C6-5D6B-4896-B2AB-50969BA2FE70} = {7CB52C33-0019-4D8C-8343-41C3BFF535C3}
		{F82EB30D-C369-42E0-9AE1-0D3AA40DB733} = {7CB52C33-0019-4D8C-8343-41C3BFF535C3}
		{A10C5A85-2963-4E50-AE71-3225E839F373} = {7CB52C33-0019-4D8C-8343-41C3BFF535C3}
		{CC98D5A2-E4BD-479A-94FD-CA97D75F758F} = {7CB52C33-0019-4D8C-8343-41C3BFF535C3}
		{AE5AF7BC-287F-4E03-BD9F-A0C1468F81D0} = {D64FADD3-91E7-4B5B-A92F-CB44D865D02A}
	EndGlobalSection
EndGlobal
